// !$*UTF8*$!
{
	archiveVersion = 1;
	classes = {
	};
	objectVersion = 46;
	objects = {

/* Begin PBXBuildFile section */
		AF0791F31D1F0C6000C63241 /* SortingAlgorithmWrapper.swift in Sources */ = {isa = PBXBuildFile; fileRef = AF0791F21D1F0C6000C63241 /* SortingAlgorithmWrapper.swift */; };
		AF36AF0F1D1F1BF700EE8A75 /* Array+Helpers.swift in Sources */ = {isa = PBXBuildFile; fileRef = AF36AF0D1D1F1BF700EE8A75 /* Array+Helpers.swift */; };
		AF36AF101D1F1BF700EE8A75 /* Sorting.swift in Sources */ = {isa = PBXBuildFile; fileRef = AF36AF0E1D1F1BF700EE8A75 /* Sorting.swift */; };
		AF3FB16B1D133B0F00C693F9 /* main.swift in Sources */ = {isa = PBXBuildFile; fileRef = AF3FB16A1D133B0F00C693F9 /* main.swift */; };
/* End PBXBuildFile section */

/* Begin PBXCopyFilesBuildPhase section */
		AF3FB1651D133B0F00C693F9 /* CopyFiles */ = {
			isa = PBXCopyFilesBuildPhase;
			buildActionMask = 2147483647;
			dstPath = /usr/share/man/man1/;
			dstSubfolderSpec = 0;
			files = (
			);
			runOnlyForDeploymentPostprocessing = 1;
		};
/* End PBXCopyFilesBuildPhase section */

/* Begin PBXFileReference section */
		AF0791F21D1F0C6000C63241 /* SortingAlgorithmWrapper.swift */ = {isa = PBXFileReference; fileEncoding = 4; lastKnownFileType = sourcecode.swift; path = SortingAlgorithmWrapper.swift; sourceTree = "<group>"; };
		AF36AF0D1D1F1BF700EE8A75 /* Array+Helpers.swift */ = {isa = PBXFileReference; fileEncoding = 4; lastKnownFileType = sourcecode.swift; path = "Array+Helpers.swift"; sourceTree = "<group>"; };
		AF36AF0E1D1F1BF700EE8A75 /* Sorting.swift */ = {isa = PBXFileReference; fileEncoding = 4; lastKnownFileType = sourcecode.swift; path = Sorting.swift; sourceTree = "<group>"; };
		AF3FB1671D133B0F00C693F9 /* QuicksortComparison */ = {isa = PBXFileReference; explicitFileType = "compiled.mach-o.executable"; includeInIndex = 0; path = QuicksortComparison; sourceTree = BUILT_PRODUCTS_DIR; };
		AF3FB16A1D133B0F00C693F9 /* main.swift */ = {isa = PBXFileReference; lastKnownFileType = sourcecode.swift; path = main.swift; sourceTree = "<group>"; };
/* End PBXFileReference section */

/* Begin PBXFrameworksBuildPhase section */
		AF3FB1641D133B0F00C693F9 /* Frameworks */ = {
			isa = PBXFrameworksBuildPhase;
			buildActionMask = 2147483647;
			files = (
			);
			runOnlyForDeploymentPostprocessing = 0;
		};
/* End PBXFrameworksBuildPhase section */

/* Begin PBXGroup section */
		AF3FB15E1D133B0F00C693F9 = {
			isa = PBXGroup;
			children = (
				AF3FB1691D133B0F00C693F9 /* QuicksortComparison */,
				AF3FB1681D133B0F00C693F9 /* Products */,
			);
			sourceTree = "<group>";
		};
		AF3FB1681D133B0F00C693F9 /* Products */ = {
			isa = PBXGroup;
			children = (
				AF3FB1671D133B0F00C693F9 /* QuicksortComparison */,
			);
			name = Products;
			sourceTree = "<group>";
		};
		AF3FB1691D133B0F00C693F9 /* QuicksortComparison */ = {
			isa = PBXGroup;
			children = (
				AF3FB16A1D133B0F00C693F9 /* main.swift */,
				AF36AF0E1D1F1BF700EE8A75 /* Sorting.swift */,
				AF36AF0D1D1F1BF700EE8A75 /* Array+Helpers.swift */,
				AF0791F21D1F0C6000C63241 /* SortingAlgorithmWrapper.swift */,
			);
			path = QuicksortComparison;
			sourceTree = "<group>";
		};
/* End PBXGroup section */

/* Begin PBXNativeTarget section */
		AF3FB1661D133B0F00C693F9 /* QuicksortComparison */ = {
			isa = PBXNativeTarget;
			buildConfigurationList = AF3FB16E1D133B0F00C693F9 /* Build configuration list for PBXNativeTarget "QuicksortComparison" */;
			buildPhases = (
				AF3FB1631D133B0F00C693F9 /* Sources */,
				AF3FB1641D133B0F00C693F9 /* Frameworks */,
				AF3FB1651D133B0F00C693F9 /* CopyFiles */,
			);
			buildRules = (
			);
			dependencies = (
			);
			name = QuicksortComparison;
			productName = QuicksortComparison;
			productReference = AF3FB1671D133B0F00C693F9 /* QuicksortComparison */;
			productType = "com.apple.product-type.tool";
		};
/* End PBXNativeTarget section */

/* Begin PBXProject section */
		AF3FB15F1D133B0F00C693F9 /* Project object */ = {
			isa = PBXProject;
			attributes = {
				LastSwiftUpdateCheck = 0730;
				LastUpgradeCheck = 0730;
				ORGANIZATIONNAME = "Prearo, Andrea";
				TargetAttributes = {
					AF3FB1661D133B0F00C693F9 = {
						CreatedOnToolsVersion = 7.3.1;
					};
				};
			};
			buildConfigurationList = AF3FB1621D133B0F00C693F9 /* Build configuration list for PBXProject "QuicksortComparison" */;
			compatibilityVersion = "Xcode 3.2";
			developmentRegion = English;
			hasScannedForEncodings = 0;
			knownRegions = (
				en,
			);
			mainGroup = AF3FB15E1D133B0F00C693F9;
			productRefGroup = AF3FB1681D133B0F00C693F9 /* Products */;
			projectDirPath = "";
			projectRoot = "";
			targets = (
				AF3FB1661D133B0F00C693F9 /* QuicksortComparison */,
			);
		};
/* End PBXProject section */

/* Begin PBXSourcesBuildPhase section */
		AF3FB1631D133B0F00C693F9 /* Sources */ = {
			isa = PBXSourcesBuildPhase;
			buildActionMask = 2147483647;
			files = (
				AF3FB16B1D133B0F00C693F9 /* main.swift in Sources */,
				AF36AF0F1D1F1BF700EE8A75 /* Array+Helpers.swift in Sources */,
				AF36AF101D1F1BF700EE8A75 /* Sorting.swift in Sources */,
				AF0791F31D1F0C6000C63241 /* SortingAlgorithmWrapper.swift in Sources */,
			);
			runOnlyForDeploymentPostprocessing = 0;
		};
/* End PBXSourcesBuildPhase section */

/* Begin XCBuildConfiguration section */
		AF3FB16C1D133B0F00C693F9 /* Debug */ = {
			isa = XCBuildConfiguration;
			buildSettings = {
				ALWAYS_SEARCH_USER_PATHS = NO;
				CLANG_ANALYZER_NONNULL = YES;
				CLANG_CXX_LANGUAGE_STANDARD = "gnu++0x";
				CLANG_CXX_LIBRARY = "libc++";
				CLANG_ENABLE_MODULES = YES;
				CLANG_ENABLE_OBJC_ARC = YES;
				CLANG_WARN_BOOL_CONVERSION = YES;
				CLANG_WARN_CONSTANT_CONVERSION = YES;
				CLANG_WARN_DIRECT_OBJC_ISA_USAGE = YES_ERROR;
				CLANG_WARN_EMPTY_BODY = YES;
				CLANG_WARN_ENUM_CONVERSION = YES;
				CLANG_WARN_INT_CONVERSION = YES;
				CLANG_WARN_OBJC_ROOT_CLASS = YES_ERROR;
				CLANG_WARN_UNREACHABLE_CODE = YES;
				CLANG_WARN__DUPLICATE_METHOD_MATCH = YES;
				CODE_SIGN_IDENTITY = "-";
				COPY_PHASE_STRIP = NO;
				DEBUG_INFORMATION_FORMAT = dwarf;
				ENABLE_STRICT_OBJC_MSGSEND = YES;
				ENABLE_TESTABILITY = YES;
				GCC_C_LANGUAGE_STANDARD = gnu99;
				GCC_DYNAMIC_NO_PIC = NO;
				GCC_NO_COMMON_BLOCKS = YES;
				GCC_OPTIMIZATION_LEVEL = 0;
				GCC_PREPROCESSOR_DEFINITIONS = (
					"DEBUG=1",
					"$(inherited)",
				);
				GCC_WARN_64_TO_32_BIT_CONVERSION = YES;
				GCC_WARN_ABOUT_RETURN_TYPE = YES_ERROR;
				GCC_WARN_UNDECLARED_SELECTOR = YES;
				GCC_WARN_UNINITIALIZED_AUTOS = YES_AGGRESSIVE;
				GCC_WARN_UNUSED_FUNCTION = YES;
				GCC_WARN_UNUSED_VARIABLE = YES;
				MACOSX_DEPLOYMENT_TARGET = 10.11;
				MTL_ENABLE_DEBUG_INFO = YES;
				ONLY_ACTIVE_ARCH = YES;
				SDKROOT = macosx;
				SWIFT_OPTIMIZATION_LEVEL = "-Onone";
			};
			name = Debug;
		};
		AF3FB16D1D133B0F00C693F9 /* Release */ = {
			isa = XCBuildConfiguration;
			buildSettings = {
				ALWAYS_SEARCH_USER_PATHS = NO;
				CLANG_ANALYZER_NONNULL = YES;
				CLANG_CXX_LANGUAGE_STANDARD = "gnu++0x";
				CLANG_CXX_LIBRARY = "libc++";
				CLANG_ENABLE_MODULES = YES;
				CLANG_ENABLE_OBJC_ARC = YES;
				CLANG_WARN_BOOL_CONVERSION = YES;
				CLANG_WARN_CONSTANT_CONVERSION = YES;
				CLANG_WARN_DIRECT_OBJC_ISA_USAGE = YES_ERROR;
				CLANG_WARN_EMPTY_BODY = YES;
				CLANG_WARN_ENUM_CONVERSION = YES;
				CLANG_WARN_INT_CONVERSION = YES;
				CLANG_WARN_OBJC_ROOT_CLASS = YES_ERROR;
				CLANG_WARN_UNREACHABLE_CODE = YES;
				CLANG_WARN__DUPLICATE_METHOD_MATCH = YES;
				CODE_SIGN_IDENTITY = "-";
				COPY_PHASE_STRIP = NO;
				DEBUG_INFORMATION_FORMAT = "dwarf-with-dsym";
				ENABLE_NS_ASSERTIONS = NO;
				ENABLE_STRICT_OBJC_MSGSEND = YES;
				GCC_C_LANGUAGE_STANDARD = gnu99;
				GCC_NO_COMMON_BLOCKS = YES;
				GCC_WARN_64_TO_32_BIT_CONVERSION = YES;
				GCC_WARN_ABOUT_RETURN_TYPE = YES_ERROR;
				GCC_WARN_UNDECLARED_SELECTOR = YES;
				GCC_WARN_UNINITIALIZED_AUTOS = YES_AGGRESSIVE;
				GCC_WARN_UNUSED_FUNCTION = YES;
				GCC_WARN_UNUSED_VARIABLE = YES;
				MACOSX_DEPLOYMENT_TARGET = 10.11;
				MTL_ENABLE_DEBUG_INFO = NO;
				SDKROOT = macosx;
			};
			name = Release;
		};
		AF3FB16F1D133B0F00C693F9 /* Debug */ = {
			isa = XCBuildConfiguration;
			buildSettings = {
				PRODUCT_NAME = "$(TARGET_NAME)";
			};
			name = Debug;
		};
		AF3FB1701D133B0F00C693F9 /* Release */ = {
			isa = XCBuildConfiguration;
			buildSettings = {
				PRODUCT_NAME = "$(TARGET_NAME)";
			};
			name = Release;
		};
/* End XCBuildConfiguration section */

/* Begin XCConfigurationList section */
		AF3FB1621D133B0F00C693F9 /* Build configuration list for PBXProject "QuicksortComparison" */ = {
			isa = XCConfigurationList;
			buildConfigurations = (
				AF3FB16C1D133B0F00C693F9 /* Debug */,
				AF3FB16D1D133B0F00C693F9 /* Release */,
			);
			defaultConfigurationIsVisible = 0;
			defaultConfigurationName = Release;
		};
		AF3FB16E1D133B0F00C693F9 /* Build configuration list for PBXNativeTarget "QuicksortComparison" */ = {
			isa = XCConfigurationList;
			buildConfigurations = (
				AF3FB16F1D133B0F00C693F9 /* Debug */,
				AF3FB1701D133B0F00C693F9 /* Release */,
			);
			defaultConfigurationIsVisible = 0;
			defaultConfigurationName = Release;
		};
/* End XCConfigurationList section */
	};
	rootObject = AF3FB15F1D133B0F00C693F9 /* Project object */;
}
